{
  "object": {
    "pins": [
      {
        "package": "RxExpect",
        "repositoryURL": "https://github.ncsoft.com/MediaTalkClientTeam/RxExpect.git",
        "state": {
          "branch": null,
          "revision": "cd3a3187035d3aa23fe95e3d03a52f0b3dc4fc74",
          "version": null
        }
      },
      {
        "package": "RxSwift",
        "repositoryURL": "https://github.ncsoft.com/MediaTalkClientTeam/RxSwift.git",
        "state": {
          "branch": null,
          "revision": "39a1766452d4b78ebb52caa327f29ebc918d23fd",
          "version": null
        }
      }
    ]
  },
  "version": 1
}
