{
  "object": {
    "pins": [
      {
        "package": "RxExpect",
        "repositoryURL": "https://github.com/lcg5450/RxExpect.git",
        "state": {
          "branch": null,
          "revision": "1108fb25a224dcd8b7cf6861ef30d203fe137c89",
          "version": null
        }
      },
      {
        "package": "RxSwift",
        "repositoryURL": "https://github.com/lcg5450/RxSwift.git",
        "state": {
          "branch": null,
          "revision": "39a1766452d4b78ebb52caa327f29ebc918d23fd",
          "version": null
        }
      }
    ]
  },
  "version": 1
}
